{
  "version": 4,
  "terraform_version": "1.15.7",
  "serial": 9,
  "lineage": "8c072e87-447a-75a2-e10d-44b9bd9be83f",
  "outputs": {
    "postgres_fqdn": {
      "value": "stone-and-chalk-webapp-schedule.postgres.database.azure.com",
      "type": "string"
    }
  },
  "resources": [
    {
      "mode": "managed",
      "type": "azurerm_postgresql_flexible_server",
      "name": "postgres",
      "provider": "provider[\"registry.terraform.io/hashicorp/azurerm\"]",
      "instances": [
        {
          "schema_version": 0,
          "attributes": {
            "administrator_login": "postgresadmin",
            "administrator_password": "yUvgCs08uWTuYcqKJhhbx5B76y1HMn8rTExylp9zWBoJJTs6gJ",
            "administrator_password_wo": null,
            "administrator_password_wo_version": 0,
            "authentication": [
              {
                "active_directory_auth_enabled": false,
                "password_auth_enabled": true,
                "tenant_id": ""
              }
            ],
            "auto_grow_enabled": true,
            "backup_retention_days": 7,
            "cluster": [],
            "create_mode": null,
            "customer_managed_key": [],
            "delegated_subnet_id": "",
            "fqdn": "stone-and-chalk-webapp-schedule.postgres.database.azure.com",
            "geo_redundant_backup_enabled": false,
            "high_availability": [],
            "id": "/subscriptions/51e960d3-7743-45cf-b631-d5984afd385a/resourceGroups/stoneAndChalk/providers/Microsoft.DBforPostgreSQL/flexibleServers/stone-and-chalk-webapp-schedule",
            "identity": [],
            "location": "australiaeast",
            "maintenance_window": [],
            "name": "stone-and-chalk-webapp-schedule",
            "point_in_time_restore_time_in_utc": "",
            "private_dns_zone_id": "",
            "public_network_access_enabled": true,
            "replication_role": "",
            "resource_group_name": "stoneAndChalk",
            "sku_name": "B_Standard_B1ms",
            "source_server_id": "",
            "storage_mb": 32768,
            "storage_tier": "P4",
            "tags": null,
            "timeouts": null,
            "version": "18",
            "zone": "1"
          },
          "sensitive_attributes": [
            [
              {
                "type": "get_attr",
                "value": "administrator_password"
              }
            ]
          ],
          "identity_schema_version": 0,
          "private": "eyJlMmJmYjczMC1lY2FhLTExZTYtOGY4OC0zNDM2M2JjN2M0YzAiOnsiY3JlYXRlIjozNjAwMDAwMDAwMDAwLCJkZWxldGUiOjM2MDAwMDAwMDAwMDAsInJlYWQiOjMwMDAwMDAwMDAwMCwidXBkYXRlIjozNjAwMDAwMDAwMDAwfX0=",
          "dependencies": [
            "azurerm_resource_group.rg"
          ]
        }
      ]
    },
    {
      "mode": "managed",
      "type": "azurerm_postgresql_flexible_server_configuration",
      "name": "require_secure_transport",
      "provider": "provider[\"registry.terraform.io/hashicorp/azurerm\"]",
      "instances": [
        {
          "schema_version": 0,
          "attributes": {
            "id": "/subscriptions/51e960d3-7743-45cf-b631-d5984afd385a/resourceGroups/stoneAndChalk/providers/Microsoft.DBforPostgreSQL/flexibleServers/stone-and-chalk-webapp-schedule/configurations/require_secure_transport",
            "name": "require_secure_transport",
            "server_id": "/subscriptions/51e960d3-7743-45cf-b631-d5984afd385a/resourceGroups/stoneAndChalk/providers/Microsoft.DBforPostgreSQL/flexibleServers/stone-and-chalk-webapp-schedule",
            "timeouts": null,
            "value": "OFF"
          },
          "sensitive_attributes": [],
          "identity_schema_version": 0,
          "private": "eyJlMmJmYjczMC1lY2FhLTExZTYtOGY4OC0zNDM2M2JjN2M0YzAiOnsiY3JlYXRlIjoxODAwMDAwMDAwMDAwLCJkZWxldGUiOjE4MDAwMDAwMDAwMDAsInJlYWQiOjMwMDAwMDAwMDAwMCwidXBkYXRlIjoxODAwMDAwMDAwMDAwfX0=",
          "dependencies": [
            "azurerm_postgresql_flexible_server.postgres",
            "azurerm_resource_group.rg"
          ]
        }
      ]
    },
    {
      "mode": "managed",
      "type": "azurerm_postgresql_flexible_server_database",
      "name": "webapp_db",
      "provider": "provider[\"registry.terraform.io/hashicorp/azurerm\"]",
      "instances": [
        {
          "schema_version": 0,
          "attributes": {
            "charset": "UTF8",
            "collation": "en_US.utf8",
            "id": "/subscriptions/51e960d3-7743-45cf-b631-d5984afd385a/resourceGroups/stoneAndChalk/providers/Microsoft.DBforPostgreSQL/flexibleServers/stone-and-chalk-webapp-schedule/databases/webapp",
            "name": "webapp",
            "server_id": "/subscriptions/51e960d3-7743-45cf-b631-d5984afd385a/resourceGroups/stoneAndChalk/providers/Microsoft.DBforPostgreSQL/flexibleServers/stone-and-chalk-webapp-schedule",
            "timeouts": null
          },
          "sensitive_attributes": [],
          "identity_schema_version": 0,
          "private": "eyJlMmJmYjczMC1lY2FhLTExZTYtOGY4OC0zNDM2M2JjN2M0YzAiOnsiY3JlYXRlIjoxODAwMDAwMDAwMDAwLCJkZWxldGUiOjE4MDAwMDAwMDAwMDAsInJlYWQiOjMwMDAwMDAwMDAwMH19",
          "dependencies": [
            "azurerm_postgresql_flexible_server.postgres",
            "azurerm_resource_group.rg"
          ]
        }
      ]
    },
    {
      "mode": "managed",
      "type": "azurerm_postgresql_flexible_server_firewall_rule",
      "name": "allow_all",
      "provider": "provider[\"registry.terraform.io/hashicorp/azurerm\"]",
      "instances": [
        {
          "schema_version": 0,
          "attributes": {
            "end_ip_address": "255.255.255.255",
            "id": "/subscriptions/51e960d3-7743-45cf-b631-d5984afd385a/resourceGroups/stoneAndChalk/providers/Microsoft.DBforPostgreSQL/flexibleServers/stone-and-chalk-webapp-schedule/firewallRules/allow-all",
            "name": "allow-all",
            "server_id": "/subscriptions/51e960d3-7743-45cf-b631-d5984afd385a/resourceGroups/stoneAndChalk/providers/Microsoft.DBforPostgreSQL/flexibleServers/stone-and-chalk-webapp-schedule",
            "start_ip_address": "0.0.0.0",
            "timeouts": null
          },
          "sensitive_attributes": [],
          "identity_schema_version": 0,
          "identity": {
            "flexible_server_name": "stone-and-chalk-webapp-schedule",
            "name": "allow-all",
            "resource_group_name": "stoneAndChalk",
            "subscription_id": "51e960d3-7743-45cf-b631-d5984afd385a"
          },
          "private": "eyJlMmJmYjczMC1lY2FhLTExZTYtOGY4OC0zNDM2M2JjN2M0YzAiOnsiY3JlYXRlIjoxODAwMDAwMDAwMDAwLCJkZWxldGUiOjE4MDAwMDAwMDAwMDAsInJlYWQiOjMwMDAwMDAwMDAwMCwidXBkYXRlIjoxODAwMDAwMDAwMDAwfX0=",
          "dependencies": [
            "azurerm_postgresql_flexible_server.postgres",
            "azurerm_resource_group.rg"
          ]
        }
      ]
    },
    {
      "mode": "managed",
      "type": "azurerm_resource_group",
      "name": "rg",
      "provider": "provider[\"registry.terraform.io/hashicorp/azurerm\"]",
      "instances": [
        {
          "schema_version": 0,
          "attributes": {
            "id": "/subscriptions/51e960d3-7743-45cf-b631-d5984afd385a/resourceGroups/stoneAndChalk",
            "location": "australiaeast",
            "managed_by": "",
            "name": "stoneAndChalk",
            "tags": null,
            "timeouts": null
          },
          "sensitive_attributes": [],
          "identity_schema_version": 0,
          "identity": {
            "name": "stoneAndChalk",
            "subscription_id": "51e960d3-7743-45cf-b631-d5984afd385a"
          },
          "private": "eyJlMmJmYjczMC1lY2FhLTExZTYtOGY4OC0zNDM2M2JjN2M0YzAiOnsiY3JlYXRlIjo1NDAwMDAwMDAwMDAwLCJkZWxldGUiOjU0MDAwMDAwMDAwMDAsInJlYWQiOjMwMDAwMDAwMDAwMCwidXBkYXRlIjo1NDAwMDAwMDAwMDAwfX0="
        }
      ]
    }
  ],
  "check_results": null
}
